github.com/soypat/net v0.2.0 h1:y20X7fJGyr/4fT/RvfDysA6S44yF8GMSx/yQehhWxfk=
github.com/soypat/net v0.2.0/go.mod h1:hd58cJl8uqwu3q+9Q6/fG0WKW+YEdx3E9puO/GLk6e0=
github.com/soypat/net v0.2.2 h1:i9AfaFeHoKjL5bPvYs5wYIU/2aU+MSs+3YJ6LWn1ZLs=
github.com/soypat/net v0.2.2/go.mod h1:cxcMlZM5FCxUfb5k1vMWwLN1/Woxq3cdux3rT2/PCpY=
